
Microsoft Visual Studio Solution File, Format Version 12.00
# Visual Studio 15
Project("{FAE04EC0-301F-11D3-BF4B-00C04F79EFBC}") = "Assembly-CSharp", "Assembly-CSharp.csproj", "{C1144420-D46F-710C-7671-EB99EC8F390B}"
EndProject
Project("{FAE04EC0-301F-11D3-BF4B-00C04F79EFBC}") = "Assembly-CSharp-Editor", "Assembly-CSharp-Editor.csproj", "{24D08A21-3B98-C363-98C9-76BD4A0BE11F}"
EndProject
Project("{FAE04EC0-301F-11D3-BF4B-00C04F79EFBC}") = "NetworkObjects", "ProtobufInterface\NetworkObjects.csproj", "{AFFCA053-0432-4D38-AC99-08C5A229A0D2}"
EndProject
Global
	GlobalSection(SolutionConfigurationPlatforms) = preSolution
		Debug|Any CPU = Debug|Any CPU
		Release|Any CPU = Release|Any CPU
	EndGlobalSection
	GlobalSection(ProjectConfigurationPlatforms) = postSolution
		{C1144420-D46F-710C-7671-EB99EC8F390B}.Debug|Any CPU.ActiveCfg = Debug|Any CPU
		{C1144420-D46F-710C-7671-EB99EC8F390B}.Debug|Any CPU.Build.0 = Debug|Any CPU
		{C1144420-D46F-710C-7671-EB99EC8F390B}.Release|Any CPU.ActiveCfg = Release|Any CPU
		{C1144420-D46F-710C-7671-EB99EC8F390B}.Release|Any CPU.Build.0 = Release|Any CPU
		{24D08A21-3B98-C363-98C9-76BD4A0BE11F}.Debug|Any CPU.ActiveCfg = Debug|Any CPU
		{24D08A21-3B98-C363-98C9-76BD4A0BE11F}.Debug|Any CPU.Build.0 = Debug|Any CPU
		{24D08A21-3B98-C363-98C9-76BD4A0BE11F}.Release|Any CPU.ActiveCfg = Release|Any CPU
		{24D08A21-3B98-C363-98C9-76BD4A0BE11F}.Release|Any CPU.Build.0 = Release|Any CPU
		{AFFCA053-0432-4D38-AC99-08C5A229A0D2}.Debug|Any CPU.ActiveCfg = Debug|Any CPU
		{AFFCA053-0432-4D38-AC99-08C5A229A0D2}.Debug|Any CPU.Build.0 = Debug|Any CPU
		{AFFCA053-0432-4D38-AC99-08C5A229A0D2}.Release|Any CPU.ActiveCfg = Release|Any CPU
		{AFFCA053-0432-4D38-AC99-08C5A229A0D2}.Release|Any CPU.Build.0 = Release|Any CPU
	EndGlobalSection
	GlobalSection(SolutionProperties) = preSolution
		HideSolutionNode = FALSE
	EndGlobalSection
EndGlobal
